Microsoft Visual Studio Solution File, Format Version 12.00
# Visual Studio Version 17
VisualStudioVersion = 17.5.2.0
MinimumVisualStudioVersion = 10.0.40219.1
Project("{FAE04EC0-301F-11D3-BF4B-00C04F79EFBC}") = "CodeLineCounter", "CodeLineCounter.csproj", "{B23211A9-C3A0-3F44-4F43-3E2D96C791D8}"
EndProject
Global
	GlobalSection(SolutionConfigurationPlatforms) = preSolution
		Debug|Any CPU = Debug|Any CPU
		Release|Any CPU = Release|Any CPU
	EndGlobalSection
	GlobalSection(ProjectConfigurationPlatforms) = postSolution
		{B23211A9-C3A0-3F44-4F43-3E2D96C791D8}.Debug|Any CPU.ActiveCfg = Debug|Any CPU
		{B23211A9-C3A0-3F44-4F43-3E2D96C791D8}.Debug|Any CPU.Build.0 = Debug|Any CPU
		{B23211A9-C3A0-3F44-4F43-3E2D96C791D8}.Release|Any CPU.ActiveCfg = Release|Any CPU
		{B23211A9-C3A0-3F44-4F43-3E2D96C791D8}.Release|Any CPU.Build.0 = Release|Any CPU
	EndGlobalSection
	GlobalSection(SolutionProperties) = preSolution
		HideSolutionNode = FALSE
	EndGlobalSection
	GlobalSection(ExtensibilityGlobals) = postSolution
		SolutionGuid = {517C227C-FB0F-4FE3-A0D7-22F517128674}
	EndGlobalSection
EndGlobal
